Microsoft Visual Studio Solution File, Format Version 12.00
# Visual Studio Version 17
VisualStudioVersion = 17.0.31903.59
MinimumVisualStudioVersion = 10.0.40219.1
Project("{FAE04EC0-301F-11D3-BF4B-00C04F79EFBC}") = "StudyTracker", "StudyTracker\StudyTracker.csproj", "{A95E4358-E9BC-47D4-B617-A17762641551}"
EndProject
Project("{FAE04EC0-301F-11D3-BF4B-00C04F79EFBC}") = "StudyTracker.Tests", "StudyTracker.Tests\StudyTracker.Tests.csproj", "{C5351188-C664-4513-83A1-8435F025D30E}"
EndProject
Global
	GlobalSection(SolutionConfigurationPlatforms) = preSolution
		Debug|Any CPU = Debug|Any CPU
		Release|Any CPU = Release|Any CPU
	EndGlobalSection
	GlobalSection(ProjectConfigurationPlatforms) = postSolution
		{A95E4358-E9BC-47D4-B617-A17762641551}.Debug|Any CPU.ActiveCfg = Debug|Any CPU
		{A95E4358-E9BC-47D4-B617-A17762641551}.Debug|Any CPU.Build.0 = Debug|Any CPU
		{A95E4358-E9BC-47D4-B617-A17762641551}.Release|Any CPU.ActiveCfg = Release|Any CPU
		{A95E4358-E9BC-47D4-B617-A17762641551}.Release|Any CPU.Build.0 = Release|Any CPU
		{C5351188-C664-4513-83A1-8435F025D30E}.Debug|Any CPU.ActiveCfg = Debug|Any CPU
		{C5351188-C664-4513-83A1-8435F025D30E}.Debug|Any CPU.Build.0 = Debug|Any CPU
		{C5351188-C664-4513-83A1-8435F025D30E}.Release|Any CPU.ActiveCfg = Release|Any CPU
		{C5351188-C664-4513-83A1-8435F025D30E}.Release|Any CPU.Build.0 = Release|Any CPU
	EndGlobalSection
EndGlobal
